
Microsoft Visual Studio Solution File, Format Version 12.00
# Visual Studio Version 16
VisualStudioVersion = 16.0.29326.143
MinimumVisualStudioVersion = 10.0.40219.1
Project("{9A19103F-16F7-4668-BE54-9A1E7A4F7556}") = "SumOfListOfValues", "SumOfListOfValues\SumOfListOfValues.csproj", "{8D86ECAF-95BA-476D-A812-2FEE91E59932}"
EndProject
Project("{9A19103F-16F7-4668-BE54-9A1E7A4F7556}") = "NonRepeatingCharacter", "NonRepeatingCharacter\NonRepeatingCharacter.csproj", "{EEEA6DC6-519B-46ED-A47E-1BA911A1CEEB}"
EndProject
Project("{9A19103F-16F7-4668-BE54-9A1E7A4F7556}") = "FisherAndPaykelAssessment.Test", "Tests\FisherAndPaykelAssessment.Test.csproj", "{97FB9622-4349-4093-8D1C-E8298AFDB730}"
EndProject
Project("{9A19103F-16F7-4668-BE54-9A1E7A4F7556}") = "Fibonacci", "Fibonacci\Fibonacci.csproj", "{775908DD-130C-4C4B-88E2-7F647052E047}"
EndProject
Project("{9A19103F-16F7-4668-BE54-9A1E7A4F7556}") = "GooseToIDuckAdapter", "GooseToIDuckAdapter\GooseToIDuckAdapter.csproj", "{DB379719-6664-48F8-B76E-1209B2040BFF}"
EndProject
Project("{FAE04EC0-301F-11D3-BF4B-00C04F79EFBC}") = "WeightSort", "SumOfListOfValuesWithComparer\WeightSort.csproj", "{47F7E30D-0E63-4562-8566-BB446D229D32}"
EndProject
Global
	GlobalSection(SolutionConfigurationPlatforms) = preSolution
		Debug|Any CPU = Debug|Any CPU
		Release|Any CPU = Release|Any CPU
	EndGlobalSection
	GlobalSection(ProjectConfigurationPlatforms) = postSolution
		{8D86ECAF-95BA-476D-A812-2FEE91E59932}.Debug|Any CPU.ActiveCfg = Debug|Any CPU
		{8D86ECAF-95BA-476D-A812-2FEE91E59932}.Debug|Any CPU.Build.0 = Debug|Any CPU
		{8D86ECAF-95BA-476D-A812-2FEE91E59932}.Release|Any CPU.ActiveCfg = Release|Any CPU
		{8D86ECAF-95BA-476D-A812-2FEE91E59932}.Release|Any CPU.Build.0 = Release|Any CPU
		{EEEA6DC6-519B-46ED-A47E-1BA911A1CEEB}.Debug|Any CPU.ActiveCfg = Debug|Any CPU
		{EEEA6DC6-519B-46ED-A47E-1BA911A1CEEB}.Debug|Any CPU.Build.0 = Debug|Any CPU
		{EEEA6DC6-519B-46ED-A47E-1BA911A1CEEB}.Release|Any CPU.ActiveCfg = Release|Any CPU
		{EEEA6DC6-519B-46ED-A47E-1BA911A1CEEB}.Release|Any CPU.Build.0 = Release|Any CPU
		{97FB9622-4349-4093-8D1C-E8298AFDB730}.Debug|Any CPU.ActiveCfg = Debug|Any CPU
		{97FB9622-4349-4093-8D1C-E8298AFDB730}.Debug|Any CPU.Build.0 = Debug|Any CPU
		{97FB9622-4349-4093-8D1C-E8298AFDB730}.Release|Any CPU.ActiveCfg = Release|Any CPU
		{97FB9622-4349-4093-8D1C-E8298AFDB730}.Release|Any CPU.Build.0 = Release|Any CPU
		{775908DD-130C-4C4B-88E2-7F647052E047}.Debug|Any CPU.ActiveCfg = Debug|Any CPU
		{775908DD-130C-4C4B-88E2-7F647052E047}.Debug|Any CPU.Build.0 = Debug|Any CPU
		{775908DD-130C-4C4B-88E2-7F647052E047}.Release|Any CPU.ActiveCfg = Release|Any CPU
		{775908DD-130C-4C4B-88E2-7F647052E047}.Release|Any CPU.Build.0 = Release|Any CPU
		{DB379719-6664-48F8-B76E-1209B2040BFF}.Debug|Any CPU.ActiveCfg = Debug|Any CPU
		{DB379719-6664-48F8-B76E-1209B2040BFF}.Debug|Any CPU.Build.0 = Debug|Any CPU
		{DB379719-6664-48F8-B76E-1209B2040BFF}.Release|Any CPU.ActiveCfg = Release|Any CPU
		{DB379719-6664-48F8-B76E-1209B2040BFF}.Release|Any CPU.Build.0 = Release|Any CPU
		{47F7E30D-0E63-4562-8566-BB446D229D32}.Debug|Any CPU.ActiveCfg = Debug|Any CPU
		{47F7E30D-0E63-4562-8566-BB446D229D32}.Debug|Any CPU.Build.0 = Debug|Any CPU
		{47F7E30D-0E63-4562-8566-BB446D229D32}.Release|Any CPU.ActiveCfg = Release|Any CPU
		{47F7E30D-0E63-4562-8566-BB446D229D32}.Release|Any CPU.Build.0 = Release|Any CPU
	EndGlobalSection
	GlobalSection(SolutionProperties) = preSolution
		HideSolutionNode = FALSE
	EndGlobalSection
	GlobalSection(ExtensibilityGlobals) = postSolution
		SolutionGuid = {4BD822FC-DA8D-46B7-9BD1-DD4AA1F3C8BB}
	EndGlobalSection
EndGlobal
